
Microsoft Visual Studio Solution File, Format Version 12.00
# Visual Studio Version 16
VisualStudioVersion = 16.0.30503.244
MinimumVisualStudioVersion = 10.0.40219.1
Project("{FAE04EC0-301F-11D3-BF4B-00C04F79EFBC}") = "Find Min and Max from an Array", "Find Min and Max from an Array\Find Min and Max from an Array.csproj", "{1FAAC047-8F45-4030-9131-0B1382CA6035}"
EndProject
Global
	GlobalSection(SolutionConfigurationPlatforms) = preSolution
		Debug|Any CPU = Debug|Any CPU
		Release|Any CPU = Release|Any CPU
	EndGlobalSection
	GlobalSection(ProjectConfigurationPlatforms) = postSolution
		{1FAAC047-8F45-4030-9131-0B1382CA6035}.Debug|Any CPU.ActiveCfg = Debug|Any CPU
		{1FAAC047-8F45-4030-9131-0B1382CA6035}.Debug|Any CPU.Build.0 = Debug|Any CPU
		{1FAAC047-8F45-4030-9131-0B1382CA6035}.Release|Any CPU.ActiveCfg = Release|Any CPU
		{1FAAC047-8F45-4030-9131-0B1382CA6035}.Release|Any CPU.Build.0 = Release|Any CPU
	EndGlobalSection
	GlobalSection(SolutionProperties) = preSolution
		HideSolutionNode = FALSE
	EndGlobalSection
	GlobalSection(ExtensibilityGlobals) = postSolution
		SolutionGuid = {13A3016B-B84A-465A-8D6C-657B39C0F360}
	EndGlobalSection
EndGlobal
